
Microsoft Visual Studio Solution File, Format Version 12.00
# Visual Studio Version 16
VisualStudioVersion = 16.0.31205.134
MinimumVisualStudioVersion = 10.0.40219.1
Project("{FAE04EC0-301F-11D3-BF4B-00C04F79EFBC}") = "DisneyClone", "DisneyClone\DisneyClone.csproj", "{BCE356D2-F9BA-4401-A29F-86655D08377B}"
EndProject
Global
	GlobalSection(SolutionConfigurationPlatforms) = preSolution
		Debug|Any CPU = Debug|Any CPU
		Release|Any CPU = Release|Any CPU
	EndGlobalSection
	GlobalSection(ProjectConfigurationPlatforms) = postSolution
		{BCE356D2-F9BA-4401-A29F-86655D08377B}.Debug|Any CPU.ActiveCfg = Debug|Any CPU
		{BCE356D2-F9BA-4401-A29F-86655D08377B}.Debug|Any CPU.Build.0 = Debug|Any CPU
		{BCE356D2-F9BA-4401-A29F-86655D08377B}.Release|Any CPU.ActiveCfg = Release|Any CPU
		{BCE356D2-F9BA-4401-A29F-86655D08377B}.Release|Any CPU.Build.0 = Release|Any CPU
	EndGlobalSection
	GlobalSection(SolutionProperties) = preSolution
		HideSolutionNode = FALSE
	EndGlobalSection
	GlobalSection(ExtensibilityGlobals) = postSolution
		SolutionGuid = {7F284CE9-9CCC-4889-9CD6-740BC6A4CBED}
	EndGlobalSection
EndGlobal
